
Microsoft Visual Studio Solution File, Format Version 12.00
Project("{FAE04EC0-301F-11D3-BF4B-00C04F79EFBC}") = "IteratorPattern", "IteratorPattern\IteratorPattern.csproj", "{10BC9DD8-A853-47C2-8CD7-8BA7434F4AAD}"
EndProject
Global
	GlobalSection(SolutionConfigurationPlatforms) = preSolution
		Debug|Any CPU = Debug|Any CPU
		Release|Any CPU = Release|Any CPU
	EndGlobalSection
	GlobalSection(ProjectConfigurationPlatforms) = postSolution
		{10BC9DD8-A853-47C2-8CD7-8BA7434F4AAD}.Debug|Any CPU.ActiveCfg = Debug|Any CPU
		{10BC9DD8-A853-47C2-8CD7-8BA7434F4AAD}.Debug|Any CPU.Build.0 = Debug|Any CPU
		{10BC9DD8-A853-47C2-8CD7-8BA7434F4AAD}.Release|Any CPU.ActiveCfg = Release|Any CPU
		{10BC9DD8-A853-47C2-8CD7-8BA7434F4AAD}.Release|Any CPU.Build.0 = Release|Any CPU
	EndGlobalSection
EndGlobal
