
Microsoft Visual Studio Solution File, Format Version 12.00
Project("{FAE04EC0-301F-11D3-BF4B-00C04F79EFBC}") = "SimUDuck", "SimUDuck\SimUDuck.csproj", "{AA3F0E84-B86C-4D0E-A6C8-E2A45E6DDE2C}"
EndProject
Global
	GlobalSection(SolutionConfigurationPlatforms) = preSolution
		Debug|Any CPU = Debug|Any CPU
		Release|Any CPU = Release|Any CPU
	EndGlobalSection
	GlobalSection(ProjectConfigurationPlatforms) = postSolution
		{AA3F0E84-B86C-4D0E-A6C8-E2A45E6DDE2C}.Debug|Any CPU.ActiveCfg = Debug|Any CPU
		{AA3F0E84-B86C-4D0E-A6C8-E2A45E6DDE2C}.Debug|Any CPU.Build.0 = Debug|Any CPU
		{AA3F0E84-B86C-4D0E-A6C8-E2A45E6DDE2C}.Release|Any CPU.ActiveCfg = Release|Any CPU
		{AA3F0E84-B86C-4D0E-A6C8-E2A45E6DDE2C}.Release|Any CPU.Build.0 = Release|Any CPU
	EndGlobalSection
EndGlobal
