
Microsoft Visual Studio Solution File, Format Version 12.00
Project("{FAE04EC0-301F-11D3-BF4B-00C04F79EFBC}") = "CompositePattern", "CompositePattern\CompositePattern.csproj", "{39A066D2-61B0-4BEF-B49B-507F62C848AA}"
EndProject
Global
	GlobalSection(SolutionConfigurationPlatforms) = preSolution
		Debug|Any CPU = Debug|Any CPU
		Release|Any CPU = Release|Any CPU
	EndGlobalSection
	GlobalSection(ProjectConfigurationPlatforms) = postSolution
		{39A066D2-61B0-4BEF-B49B-507F62C848AA}.Debug|Any CPU.ActiveCfg = Debug|Any CPU
		{39A066D2-61B0-4BEF-B49B-507F62C848AA}.Debug|Any CPU.Build.0 = Debug|Any CPU
		{39A066D2-61B0-4BEF-B49B-507F62C848AA}.Release|Any CPU.ActiveCfg = Release|Any CPU
		{39A066D2-61B0-4BEF-B49B-507F62C848AA}.Release|Any CPU.Build.0 = Release|Any CPU
	EndGlobalSection
EndGlobal
