
Microsoft Visual Studio Solution File, Format Version 12.00
Project("{FAE04EC0-301F-11D3-BF4B-00C04F79EFBC}") = "WeatherObserver", "WeatherObserver\WeatherObserver.csproj", "{FA997DC6-5EE6-4980-9BBF-B29E06AAB6DA}"
EndProject
Global
	GlobalSection(SolutionConfigurationPlatforms) = preSolution
		Debug|Any CPU = Debug|Any CPU
		Release|Any CPU = Release|Any CPU
	EndGlobalSection
	GlobalSection(ProjectConfigurationPlatforms) = postSolution
		{FA997DC6-5EE6-4980-9BBF-B29E06AAB6DA}.Debug|Any CPU.ActiveCfg = Debug|Any CPU
		{FA997DC6-5EE6-4980-9BBF-B29E06AAB6DA}.Debug|Any CPU.Build.0 = Debug|Any CPU
		{FA997DC6-5EE6-4980-9BBF-B29E06AAB6DA}.Release|Any CPU.ActiveCfg = Release|Any CPU
		{FA997DC6-5EE6-4980-9BBF-B29E06AAB6DA}.Release|Any CPU.Build.0 = Release|Any CPU
	EndGlobalSection
EndGlobal
